
Microsoft Visual Studio Solution File, Format Version 12.00
# Visual Studio Version 16
VisualStudioVersion = 16.0.30611.23
MinimumVisualStudioVersion = 10.0.40219.1
Project("{FAE04EC0-301F-11D3-BF4B-00C04F79EFBC}") = "Cristutiu_Andreea_Lab5", "Cristutiu_Andreea_Lab5\Cristutiu_Andreea_Lab5.csproj", "{7176359C-5A44-4A7D-BCB3-2BA1E04C0125}"
EndProject
Global
	GlobalSection(SolutionConfigurationPlatforms) = preSolution
		Debug|Any CPU = Debug|Any CPU
		Release|Any CPU = Release|Any CPU
	EndGlobalSection
	GlobalSection(ProjectConfigurationPlatforms) = postSolution
		{7176359C-5A44-4A7D-BCB3-2BA1E04C0125}.Debug|Any CPU.ActiveCfg = Debug|Any CPU
		{7176359C-5A44-4A7D-BCB3-2BA1E04C0125}.Debug|Any CPU.Build.0 = Debug|Any CPU
		{7176359C-5A44-4A7D-BCB3-2BA1E04C0125}.Release|Any CPU.ActiveCfg = Release|Any CPU
		{7176359C-5A44-4A7D-BCB3-2BA1E04C0125}.Release|Any CPU.Build.0 = Release|Any CPU
	EndGlobalSection
	GlobalSection(SolutionProperties) = preSolution
		HideSolutionNode = FALSE
	EndGlobalSection
	GlobalSection(ExtensibilityGlobals) = postSolution
		SolutionGuid = {088CB9BF-72A7-42F1-8952-30C115C88178}
	EndGlobalSection
EndGlobal
